
Microsoft Visual Studio Solution File, Format Version 12.00
# Visual Studio 2012
Project("{FAE04EC0-301F-11D3-BF4B-00C04F79EFBC}") = "Entidades", "Entidades\Entidades.csproj", "{D900728F-22EC-4D7F-AA5D-8C8B099DFBFF}"
EndProject
Project("{FAE04EC0-301F-11D3-BF4B-00C04F79EFBC}") = "Modelo.SegundoParcial.LabIII", "Modelo.SegundoParcial.LabIII\Modelo.SegundoParcial.LabIII.csproj", "{D50C1514-E87B-480C-BF70-514D3AD0E041}"
EndProject
Global
	GlobalSection(SolutionConfigurationPlatforms) = preSolution
		Debug|Any CPU = Debug|Any CPU
		Release|Any CPU = Release|Any CPU
	EndGlobalSection
	GlobalSection(ProjectConfigurationPlatforms) = postSolution
		{D900728F-22EC-4D7F-AA5D-8C8B099DFBFF}.Debug|Any CPU.ActiveCfg = Debug|Any CPU
		{D900728F-22EC-4D7F-AA5D-8C8B099DFBFF}.Debug|Any CPU.Build.0 = Debug|Any CPU
		{D900728F-22EC-4D7F-AA5D-8C8B099DFBFF}.Release|Any CPU.ActiveCfg = Release|Any CPU
		{D900728F-22EC-4D7F-AA5D-8C8B099DFBFF}.Release|Any CPU.Build.0 = Release|Any CPU
		{D50C1514-E87B-480C-BF70-514D3AD0E041}.Debug|Any CPU.ActiveCfg = Debug|Any CPU
		{D50C1514-E87B-480C-BF70-514D3AD0E041}.Debug|Any CPU.Build.0 = Debug|Any CPU
		{D50C1514-E87B-480C-BF70-514D3AD0E041}.Release|Any CPU.ActiveCfg = Release|Any CPU
		{D50C1514-E87B-480C-BF70-514D3AD0E041}.Release|Any CPU.Build.0 = Release|Any CPU
	EndGlobalSection
	GlobalSection(SolutionProperties) = preSolution
		HideSolutionNode = FALSE
	EndGlobalSection
EndGlobal
